
Microsoft Visual Studio Solution File, Format Version 12.00
# Visual Studio Version 17
VisualStudioVersion = 17.11.35327.3
MinimumVisualStudioVersion = 10.0.40219.1
Project("{FAE04EC0-301F-11D3-BF4B-00C04F79EFBC}") = "MicroondasDigital", "MicroondasDigital.csproj", "{D2A2F105-5A58-4AA5-850E-FACFE807E3D8}"
EndProject
Project("{2150E333-8FDC-42A3-9474-1A3956D46DE8}") = "Itens de Solução", "Itens de Solução", "{D085AE2E-5328-4EF9-A36E-9EB64248DF6F}"
EndProject
Global
	GlobalSection(SolutionConfigurationPlatforms) = preSolution
		Debug|Any CPU = Debug|Any CPU
		Release|Any CPU = Release|Any CPU
	EndGlobalSection
	GlobalSection(ProjectConfigurationPlatforms) = postSolution
		{D2A2F105-5A58-4AA5-850E-FACFE807E3D8}.Debug|Any CPU.ActiveCfg = Debug|Any CPU
		{D2A2F105-5A58-4AA5-850E-FACFE807E3D8}.Debug|Any CPU.Build.0 = Debug|Any CPU
		{D2A2F105-5A58-4AA5-850E-FACFE807E3D8}.Release|Any CPU.ActiveCfg = Release|Any CPU
		{D2A2F105-5A58-4AA5-850E-FACFE807E3D8}.Release|Any CPU.Build.0 = Release|Any CPU
	EndGlobalSection
	GlobalSection(SolutionProperties) = preSolution
		HideSolutionNode = FALSE
	EndGlobalSection
	GlobalSection(NestedProjects) = preSolution
		{D2A2F105-5A58-4AA5-850E-FACFE807E3D8} = {D085AE2E-5328-4EF9-A36E-9EB64248DF6F}
	EndGlobalSection
	GlobalSection(ExtensibilityGlobals) = postSolution
		SolutionGuid = {1613A7EA-B9C5-4A0C-9B59-9B36EA5D84A8}
	EndGlobalSection
EndGlobal
